// !$*UTF8*$!
{
	archiveVersion = 1;
	classes = {
	};
	objectVersion = 56;
	objects = {

/* Begin PBXBuildFile section */
		0001ED4D2AAC767400BD5911 /* FoodInfoScreen.swift in Sources */ = {isa = PBXBuildFile; fileRef = 0001ED4C2AAC767400BD5911 /* FoodInfoScreen.swift */; };
		0001ED502AAE53EE00BD5911 /* CurrentTabKey.swift in Sources */ = {isa = PBXBuildFile; fileRef = 0001ED4F2AAE53EE00BD5911 /* CurrentTabKey.swift */; };
		0001ED532AAE564800BD5911 /* ActivityIndicator.swift in Sources */ = {isa = PBXBuildFile; fileRef = 0001ED522AAE564800BD5911 /* ActivityIndicator.swift */; };
		0052AB792AA5E36F000130E0 /* FoodExpiryTrackerApp.swift in Sources */ = {isa = PBXBuildFile; fileRef = 0052AB782AA5E36F000130E0 /* FoodExpiryTrackerApp.swift */; };
		0052AB7B2AA5E36F000130E0 /* ContentView.swift in Sources */ = {isa = PBXBuildFile; fileRef = 0052AB7A2AA5E36F000130E0 /* ContentView.swift */; };
		0052AB7D2AA5E370000130E0 /* Assets.xcassets in Resources */ = {isa = PBXBuildFile; fileRef = 0052AB7C2AA5E370000130E0 /* Assets.xcassets */; };
		0052AB802AA5E370000130E0 /* Preview Assets.xcassets in Resources */ = {isa = PBXBuildFile; fileRef = 0052AB7F2AA5E370000130E0 /* Preview Assets.xcassets */; };
		0052AB872AA5E41D000130E0 /* FoodListScreen.swift in Sources */ = {isa = PBXBuildFile; fileRef = 0052AB862AA5E41D000130E0 /* FoodListScreen.swift */; };
		0052AB892AA5E430000130E0 /* CalendarScreen.swift in Sources */ = {isa = PBXBuildFile; fileRef = 0052AB882AA5E430000130E0 /* CalendarScreen.swift */; };
		0052AB8B2AA5E43B000130E0 /* SettingsScreen.swift in Sources */ = {isa = PBXBuildFile; fileRef = 0052AB8A2AA5E43B000130E0 /* SettingsScreen.swift */; };
/* End PBXBuildFile section */

/* Begin PBXFileReference section */
		0001ED4C2AAC767400BD5911 /* FoodInfoScreen.swift */ = {isa = PBXFileReference; lastKnownFileType = sourcecode.swift; path = FoodInfoScreen.swift; sourceTree = "<group>"; };
		0001ED4F2AAE53EE00BD5911 /* CurrentTabKey.swift */ = {isa = PBXFileReference; lastKnownFileType = sourcecode.swift; path = CurrentTabKey.swift; sourceTree = "<group>"; };
		0001ED522AAE564800BD5911 /* ActivityIndicator.swift */ = {isa = PBXFileReference; lastKnownFileType = sourcecode.swift; path = ActivityIndicator.swift; sourceTree = "<group>"; };
		0052AB752AA5E36F000130E0 /* FoodExpiryTracker.app */ = {isa = PBXFileReference; explicitFileType = wrapper.application; includeInIndex = 0; path = FoodExpiryTracker.app; sourceTree = BUILT_PRODUCTS_DIR; };
		0052AB782AA5E36F000130E0 /* FoodExpiryTrackerApp.swift */ = {isa = PBXFileReference; lastKnownFileType = sourcecode.swift; path = FoodExpiryTrackerApp.swift; sourceTree = "<group>"; };
		0052AB7A2AA5E36F000130E0 /* ContentView.swift */ = {isa = PBXFileReference; lastKnownFileType = sourcecode.swift; path = ContentView.swift; sourceTree = "<group>"; };
		0052AB7C2AA5E370000130E0 /* Assets.xcassets */ = {isa = PBXFileReference; lastKnownFileType = folder.assetcatalog; path = Assets.xcassets; sourceTree = "<group>"; };
		0052AB7F2AA5E370000130E0 /* Preview Assets.xcassets */ = {isa = PBXFileReference; lastKnownFileType = folder.assetcatalog; path = "Preview Assets.xcassets"; sourceTree = "<group>"; };
		0052AB862AA5E41D000130E0 /* FoodListScreen.swift */ = {isa = PBXFileReference; lastKnownFileType = sourcecode.swift; path = FoodListScreen.swift; sourceTree = "<group>"; };
		0052AB882AA5E430000130E0 /* CalendarScreen.swift */ = {isa = PBXFileReference; lastKnownFileType = sourcecode.swift; path = CalendarScreen.swift; sourceTree = "<group>"; };
		0052AB8A2AA5E43B000130E0 /* SettingsScreen.swift */ = {isa = PBXFileReference; lastKnownFileType = sourcecode.swift; path = SettingsScreen.swift; sourceTree = "<group>"; };
/* End PBXFileReference section */

/* Begin PBXFrameworksBuildPhase section */
		0052AB722AA5E36F000130E0 /* Frameworks */ = {
			isa = PBXFrameworksBuildPhase;
			buildActionMask = 2147483647;
			files = (
			);
			runOnlyForDeploymentPostprocessing = 0;
		};
/* End PBXFrameworksBuildPhase section */

/* Begin PBXGroup section */
		0001ED4E2AAE53B000BD5911 /* Extension */ = {
			isa = PBXGroup;
			children = (
				0001ED4F2AAE53EE00BD5911 /* CurrentTabKey.swift */,
			);
			path = Extension;
			sourceTree = "<group>";
		};
		0001ED512AAE563800BD5911 /* Components */ = {
			isa = PBXGroup;
			children = (
				0001ED522AAE564800BD5911 /* ActivityIndicator.swift */,
			);
			path = Components;
			sourceTree = "<group>";
		};
		0052AB6C2AA5E36F000130E0 = {
			isa = PBXGroup;
			children = (
				0052AB772AA5E36F000130E0 /* FoodExpiryTracker */,
				0052AB762AA5E36F000130E0 /* Products */,
			);
			sourceTree = "<group>";
		};
		0052AB762AA5E36F000130E0 /* Products */ = {
			isa = PBXGroup;
			children = (
				0052AB752AA5E36F000130E0 /* FoodExpiryTracker.app */,
			);
			name = Products;
			sourceTree = "<group>";
		};
		0052AB772AA5E36F000130E0 /* FoodExpiryTracker */ = {
			isa = PBXGroup;
			children = (
				0001ED512AAE563800BD5911 /* Components */,
				0001ED4E2AAE53B000BD5911 /* Extension */,
				0052AB782AA5E36F000130E0 /* FoodExpiryTrackerApp.swift */,
				0052AB7A2AA5E36F000130E0 /* ContentView.swift */,
				0052AB862AA5E41D000130E0 /* FoodListScreen.swift */,
				0001ED4C2AAC767400BD5911 /* FoodInfoScreen.swift */,
				0052AB882AA5E430000130E0 /* CalendarScreen.swift */,
				0052AB8A2AA5E43B000130E0 /* SettingsScreen.swift */,
				0052AB7C2AA5E370000130E0 /* Assets.xcassets */,
				0052AB7E2AA5E370000130E0 /* Preview Content */,
			);
			path = FoodExpiryTracker;
			sourceTree = "<group>";
		};
		0052AB7E2AA5E370000130E0 /* Preview Content */ = {
			isa = PBXGroup;
			children = (
				0052AB7F2AA5E370000130E0 /* Preview Assets.xcassets */,
			);
			path = "Preview Content";
			sourceTree = "<group>";
		};
/* End PBXGroup section */

/* Begin PBXNativeTarget section */
		0052AB742AA5E36F000130E0 /* FoodExpiryTracker */ = {
			isa = PBXNativeTarget;
			buildConfigurationList = 0052AB832AA5E370000130E0 /* Build configuration list for PBXNativeTarget "FoodExpiryTracker" */;
			buildPhases = (
				0052AB712AA5E36F000130E0 /* Sources */,
				0052AB722AA5E36F000130E0 /* Frameworks */,
				0052AB732AA5E36F000130E0 /* Resources */,
			);
			buildRules = (
			);
			dependencies = (
			);
			name = FoodExpiryTracker;
			productName = FoodExpiryTracker;
			productReference = 0052AB752AA5E36F000130E0 /* FoodExpiryTracker.app */;
			productType = "com.apple.product-type.application";
		};
/* End PBXNativeTarget section */

/* Begin PBXProject section */
		0052AB6D2AA5E36F000130E0 /* Project object */ = {
			isa = PBXProject;
			attributes = {
				BuildIndependentTargetsInParallel = 1;
				LastSwiftUpdateCheck = 1430;
				LastUpgradeCheck = 1430;
				TargetAttributes = {
					0052AB742AA5E36F000130E0 = {
						CreatedOnToolsVersion = 14.3.1;
					};
				};
			};
			buildConfigurationList = 0052AB702AA5E36F000130E0 /* Build configuration list for PBXProject "FoodExpiryTracker" */;
			compatibilityVersion = "Xcode 14.0";
			developmentRegion = en;
			hasScannedForEncodings = 0;
			knownRegions = (
				en,
				Base,
			);
			mainGroup = 0052AB6C2AA5E36F000130E0;
			productRefGroup = 0052AB762AA5E36F000130E0 /* Products */;
			projectDirPath = "";
			projectRoot = "";
			targets = (
				0052AB742AA5E36F000130E0 /* FoodExpiryTracker */,
			);
		};
/* End PBXProject section */

/* Begin PBXResourcesBuildPhase section */
		0052AB732AA5E36F000130E0 /* Resources */ = {
			isa = PBXResourcesBuildPhase;
			buildActionMask = 2147483647;
			files = (
				0052AB802AA5E370000130E0 /* Preview Assets.xcassets in Resources */,
				0052AB7D2AA5E370000130E0 /* Assets.xcassets in Resources */,
			);
			runOnlyForDeploymentPostprocessing = 0;
		};
/* End PBXResourcesBuildPhase section */

/* Begin PBXSourcesBuildPhase section */
		0052AB712AA5E36F000130E0 /* Sources */ = {
			isa = PBXSourcesBuildPhase;
			buildActionMask = 2147483647;
			files = (
				0052AB7B2AA5E36F000130E0 /* ContentView.swift in Sources */,
				0052AB892AA5E430000130E0 /* CalendarScreen.swift in Sources */,
				0052AB792AA5E36F000130E0 /* FoodExpiryTrackerApp.swift in Sources */,
				0001ED502AAE53EE00BD5911 /* CurrentTabKey.swift in Sources */,
				0001ED532AAE564800BD5911 /* ActivityIndicator.swift in Sources */,
				0001ED4D2AAC767400BD5911 /* FoodInfoScreen.swift in Sources */,
				0052AB8B2AA5E43B000130E0 /* SettingsScreen.swift in Sources */,
				0052AB872AA5E41D000130E0 /* FoodListScreen.swift in Sources */,
			);
			runOnlyForDeploymentPostprocessing = 0;
		};
/* End PBXSourcesBuildPhase section */

/* Begin XCBuildConfiguration section */
		0052AB812AA5E370000130E0 /* Debug */ = {
			isa = XCBuildConfiguration;
			buildSettings = {
				ALWAYS_SEARCH_USER_PATHS = NO;
				CLANG_ANALYZER_NONNULL = YES;
				CLANG_ANALYZER_NUMBER_OBJECT_CONVERSION = YES_AGGRESSIVE;
				CLANG_CXX_LANGUAGE_STANDARD = "gnu++20";
				CLANG_ENABLE_MODULES = YES;
				CLANG_ENABLE_OBJC_ARC = YES;
				CLANG_ENABLE_OBJC_WEAK = YES;
				CLANG_WARN_BLOCK_CAPTURE_AUTORELEASING = YES;
				CLANG_WARN_BOOL_CONVERSION = YES;
				CLANG_WARN_COMMA = YES;
				CLANG_WARN_CONSTANT_CONVERSION = YES;
				CLANG_WARN_DEPRECATED_OBJC_IMPLEMENTATIONS = YES;
				CLANG_WARN_DIRECT_OBJC_ISA_USAGE = YES_ERROR;
				CLANG_WARN_DOCUMENTATION_COMMENTS = YES;
				CLANG_WARN_EMPTY_BODY = YES;
				CLANG_WARN_ENUM_CONVERSION = YES;
				CLANG_WARN_INFINITE_RECURSION = YES;
				CLANG_WARN_INT_CONVERSION = YES;
				CLANG_WARN_NON_LITERAL_NULL_CONVERSION = YES;
				CLANG_WARN_OBJC_IMPLICIT_RETAIN_SELF = YES;
				CLANG_WARN_OBJC_LITERAL_CONVERSION = YES;
				CLANG_WARN_OBJC_ROOT_CLASS = YES_ERROR;
				CLANG_WARN_QUOTED_INCLUDE_IN_FRAMEWORK_HEADER = YES;
				CLANG_WARN_RANGE_LOOP_ANALYSIS = YES;
				CLANG_WARN_STRICT_PROTOTYPES = YES;
				CLANG_WARN_SUSPICIOUS_MOVE = YES;
				CLANG_WARN_UNGUARDED_AVAILABILITY = YES_AGGRESSIVE;
				CLANG_WARN_UNREACHABLE_CODE = YES;
				CLANG_WARN__DUPLICATE_METHOD_MATCH = YES;
				COPY_PHASE_STRIP = NO;
				DEBUG_INFORMATION_FORMAT = dwarf;
				ENABLE_STRICT_OBJC_MSGSEND = YES;
				ENABLE_TESTABILITY = YES;
				GCC_C_LANGUAGE_STANDARD = gnu11;
				GCC_DYNAMIC_NO_PIC = NO;
				GCC_NO_COMMON_BLOCKS = YES;
				GCC_OPTIMIZATION_LEVEL = 0;
				GCC_PREPROCESSOR_DEFINITIONS = (
					"DEBUG=1",
					"$(inherited)",
				);
				GCC_WARN_64_TO_32_BIT_CONVERSION = YES;
				GCC_WARN_ABOUT_RETURN_TYPE = YES_ERROR;
				GCC_WARN_UNDECLARED_SELECTOR = YES;
				GCC_WARN_UNINITIALIZED_AUTOS = YES_AGGRESSIVE;
				GCC_WARN_UNUSED_FUNCTION = YES;
				GCC_WARN_UNUSED_VARIABLE = YES;
				IPHONEOS_DEPLOYMENT_TARGET = 16.4;
				MTL_ENABLE_DEBUG_INFO = INCLUDE_SOURCE;
				MTL_FAST_MATH = YES;
				ONLY_ACTIVE_ARCH = YES;
				SDKROOT = iphoneos;
				SWIFT_ACTIVE_COMPILATION_CONDITIONS = DEBUG;
				SWIFT_OPTIMIZATION_LEVEL = "-Onone";
			};
			name = Debug;
		};
		0052AB822AA5E370000130E0 /* Release */ = {
			isa = XCBuildConfiguration;
			buildSettings = {
				ALWAYS_SEARCH_USER_PATHS = NO;
				CLANG_ANALYZER_NONNULL = YES;
				CLANG_ANALYZER_NUMBER_OBJECT_CONVERSION = YES_AGGRESSIVE;
				CLANG_CXX_LANGUAGE_STANDARD = "gnu++20";
				CLANG_ENABLE_MODULES = YES;
				CLANG_ENABLE_OBJC_ARC = YES;
				CLANG_ENABLE_OBJC_WEAK = YES;
				CLANG_WARN_BLOCK_CAPTURE_AUTORELEASING = YES;
				CLANG_WARN_BOOL_CONVERSION = YES;
				CLANG_WARN_COMMA = YES;
				CLANG_WARN_CONSTANT_CONVERSION = YES;
				CLANG_WARN_DEPRECATED_OBJC_IMPLEMENTATIONS = YES;
				CLANG_WARN_DIRECT_OBJC_ISA_USAGE = YES_ERROR;
				CLANG_WARN_DOCUMENTATION_COMMENTS = YES;
				CLANG_WARN_EMPTY_BODY = YES;
				CLANG_WARN_ENUM_CONVERSION = YES;
				CLANG_WARN_INFINITE_RECURSION = YES;
				CLANG_WARN_INT_CONVERSION = YES;
				CLANG_WARN_NON_LITERAL_NULL_CONVERSION = YES;
				CLANG_WARN_OBJC_IMPLICIT_RETAIN_SELF = YES;
				CLANG_WARN_OBJC_LITERAL_CONVERSION = YES;
				CLANG_WARN_OBJC_ROOT_CLASS = YES_ERROR;
				CLANG_WARN_QUOTED_INCLUDE_IN_FRAMEWORK_HEADER = YES;
				CLANG_WARN_RANGE_LOOP_ANALYSIS = YES;
				CLANG_WARN_STRICT_PROTOTYPES = YES;
				CLANG_WARN_SUSPICIOUS_MOVE = YES;
				CLANG_WARN_UNGUARDED_AVAILABILITY = YES_AGGRESSIVE;
				CLANG_WARN_UNREACHABLE_CODE = YES;
				CLANG_WARN__DUPLICATE_METHOD_MATCH = YES;
				COPY_PHASE_STRIP = NO;
				DEBUG_INFORMATION_FORMAT = "dwarf-with-dsym";
				ENABLE_NS_ASSERTIONS = NO;
				ENABLE_STRICT_OBJC_MSGSEND = YES;
				GCC_C_LANGUAGE_STANDARD = gnu11;
				GCC_NO_COMMON_BLOCKS = YES;
				GCC_WARN_64_TO_32_BIT_CONVERSION = YES;
				GCC_WARN_ABOUT_RETURN_TYPE = YES_ERROR;
				GCC_WARN_UNDECLARED_SELECTOR = YES;
				GCC_WARN_UNINITIALIZED_AUTOS = YES_AGGRESSIVE;
				GCC_WARN_UNUSED_FUNCTION = YES;
				GCC_WARN_UNUSED_VARIABLE = YES;
				IPHONEOS_DEPLOYMENT_TARGET = 16.4;
				MTL_ENABLE_DEBUG_INFO = NO;
				MTL_FAST_MATH = YES;
				SDKROOT = iphoneos;
				SWIFT_COMPILATION_MODE = wholemodule;
				SWIFT_OPTIMIZATION_LEVEL = "-O";
				VALIDATE_PRODUCT = YES;
			};
			name = Release;
		};
		0052AB842AA5E370000130E0 /* Debug */ = {
			isa = XCBuildConfiguration;
			buildSettings = {
				ASSETCATALOG_COMPILER_APPICON_NAME = AppIcon;
				ASSETCATALOG_COMPILER_GLOBAL_ACCENT_COLOR_NAME = AccentColor;
				CODE_SIGN_STYLE = Automatic;
				CURRENT_PROJECT_VERSION = 1;
				DEVELOPMENT_ASSET_PATHS = "\"FoodExpiryTracker/Preview Content\"";
				DEVELOPMENT_TEAM = 88KRW3HF29;
				ENABLE_PREVIEWS = YES;
				GENERATE_INFOPLIST_FILE = YES;
				INFOPLIST_KEY_UIApplicationSceneManifest_Generation = YES;
				INFOPLIST_KEY_UIApplicationSupportsIndirectInputEvents = YES;
				INFOPLIST_KEY_UILaunchScreen_Generation = YES;
				INFOPLIST_KEY_UISupportedInterfaceOrientations_iPad = "UIInterfaceOrientationPortrait UIInterfaceOrientationPortraitUpsideDown UIInterfaceOrientationLandscapeLeft UIInterfaceOrientationLandscapeRight";
				INFOPLIST_KEY_UISupportedInterfaceOrientations_iPhone = "UIInterfaceOrientationPortrait UIInterfaceOrientationLandscapeLeft UIInterfaceOrientationLandscapeRight";
				LD_RUNPATH_SEARCH_PATHS = (
					"$(inherited)",
					"@executable_path/Frameworks",
				);
				MARKETING_VERSION = 1.0;
				PRODUCT_BUNDLE_IDENTIFIER = com.FoodExpiryTracker;
				PRODUCT_NAME = "$(TARGET_NAME)";
				SWIFT_EMIT_LOC_STRINGS = YES;
				SWIFT_VERSION = 5.0;
				TARGETED_DEVICE_FAMILY = "1,2";
			};
			name = Debug;
		};
		0052AB852AA5E370000130E0 /* Release */ = {
			isa = XCBuildConfiguration;
			buildSettings = {
				ASSETCATALOG_COMPILER_APPICON_NAME = AppIcon;
				ASSETCATALOG_COMPILER_GLOBAL_ACCENT_COLOR_NAME = AccentColor;
				CODE_SIGN_STYLE = Automatic;
				CURRENT_PROJECT_VERSION = 1;
				DEVELOPMENT_ASSET_PATHS = "\"FoodExpiryTracker/Preview Content\"";
				DEVELOPMENT_TEAM = 88KRW3HF29;
				ENABLE_PREVIEWS = YES;
				GENERATE_INFOPLIST_FILE = YES;
				INFOPLIST_KEY_UIApplicationSceneManifest_Generation = YES;
				INFOPLIST_KEY_UIApplicationSupportsIndirectInputEvents = YES;
				INFOPLIST_KEY_UILaunchScreen_Generation = YES;
				INFOPLIST_KEY_UISupportedInterfaceOrientations_iPad = "UIInterfaceOrientationPortrait UIInterfaceOrientationPortraitUpsideDown UIInterfaceOrientationLandscapeLeft UIInterfaceOrientationLandscapeRight";
				INFOPLIST_KEY_UISupportedInterfaceOrientations_iPhone = "UIInterfaceOrientationPortrait UIInterfaceOrientationLandscapeLeft UIInterfaceOrientationLandscapeRight";
				LD_RUNPATH_SEARCH_PATHS = (
					"$(inherited)",
					"@executable_path/Frameworks",
				);
				MARKETING_VERSION = 1.0;
				PRODUCT_BUNDLE_IDENTIFIER = com.FoodExpiryTracker;
				PRODUCT_NAME = "$(TARGET_NAME)";
				SWIFT_EMIT_LOC_STRINGS = YES;
				SWIFT_VERSION = 5.0;
				TARGETED_DEVICE_FAMILY = "1,2";
			};
			name = Release;
		};
/* End XCBuildConfiguration section */

/* Begin XCConfigurationList section */
		0052AB702AA5E36F000130E0 /* Build configuration list for PBXProject "FoodExpiryTracker" */ = {
			isa = XCConfigurationList;
			buildConfigurations = (
				0052AB812AA5E370000130E0 /* Debug */,
				0052AB822AA5E370000130E0 /* Release */,
			);
			defaultConfigurationIsVisible = 0;
			defaultConfigurationName = Release;
		};
		0052AB832AA5E370000130E0 /* Build configuration list for PBXNativeTarget "FoodExpiryTracker" */ = {
			isa = XCConfigurationList;
			buildConfigurations = (
				0052AB842AA5E370000130E0 /* Debug */,
				0052AB852AA5E370000130E0 /* Release */,
			);
			defaultConfigurationIsVisible = 0;
			defaultConfigurationName = Release;
		};
/* End XCConfigurationList section */
	};
	rootObject = 0052AB6D2AA5E36F000130E0 /* Project object */;
}
